// !$*UTF8*$!
{
	archiveVersion = 1;
	classes = {
	};
	objectVersion = 56;
	objects = {

/* Begin PBXBuildFile section */
		2852D0A92A62E21A003B5D59 /* AppDelegate.swift in Sources */ = {isa = PBXBuildFile; fileRef = 2852D0A82A62E21A003B5D59 /* AppDelegate.swift */; };
		2852D0AB2A62E21A003B5D59 /* SceneDelegate.swift in Sources */ = {isa = PBXBuildFile; fileRef = 2852D0AA2A62E21A003B5D59 /* SceneDelegate.swift */; };
		2852D0AD2A62E21A003B5D59 /* ViewController.swift in Sources */ = {isa = PBXBuildFile; fileRef = 2852D0AC2A62E21A003B5D59 /* ViewController.swift */; };
		2852D0B02A62E21A003B5D59 /* Main.storyboard in Resources */ = {isa = PBXBuildFile; fileRef = 2852D0AE2A62E21A003B5D59 /* Main.storyboard */; };
		2852D0B22A62E21B003B5D59 /* Assets.xcassets in Resources */ = {isa = PBXBuildFile; fileRef = 2852D0B12A62E21B003B5D59 /* Assets.xcassets */; };
		2852D0B52A62E21B003B5D59 /* LaunchScreen.storyboard in Resources */ = {isa = PBXBuildFile; fileRef = 2852D0B32A62E21B003B5D59 /* LaunchScreen.storyboard */; };
		2852D0BF2A62FC8A003B5D59 /* Note.swift in Sources */ = {isa = PBXBuildFile; fileRef = 2852D0BE2A62FC8A003B5D59 /* Note.swift */; };
		2852D0C22A631A8F003B5D59 /* Writabla.swift in Sources */ = {isa = PBXBuildFile; fileRef = 2852D0C12A631A8F003B5D59 /* Writabla.swift */; };
		2852D0C42A631ACE003B5D59 /* DataSource.swift in Sources */ = {isa = PBXBuildFile; fileRef = 2852D0C32A631ACE003B5D59 /* DataSource.swift */; };
		2852D0C62A631B14003B5D59 /* NoteDataSource.swift in Sources */ = {isa = PBXBuildFile; fileRef = 2852D0C52A631B14003B5D59 /* NoteDataSource.swift */; };
		2852D0C82A64455E003B5D59 /* NoteViewController.swift in Sources */ = {isa = PBXBuildFile; fileRef = 2852D0C72A64455D003B5D59 /* NoteViewController.swift */; };
		2852D0CA2A64457A003B5D59 /* EntryViewController.swift in Sources */ = {isa = PBXBuildFile; fileRef = 2852D0C92A64457A003B5D59 /* EntryViewController.swift */; };
/* End PBXBuildFile section */

/* Begin PBXFileReference section */
		2852D0A52A62E21A003B5D59 /* notesAppv3.app */ = {isa = PBXFileReference; explicitFileType = wrapper.application; includeInIndex = 0; path = notesAppv3.app; sourceTree = BUILT_PRODUCTS_DIR; };
		2852D0A82A62E21A003B5D59 /* AppDelegate.swift */ = {isa = PBXFileReference; lastKnownFileType = sourcecode.swift; path = AppDelegate.swift; sourceTree = "<group>"; };
		2852D0AA2A62E21A003B5D59 /* SceneDelegate.swift */ = {isa = PBXFileReference; lastKnownFileType = sourcecode.swift; path = SceneDelegate.swift; sourceTree = "<group>"; };
		2852D0AC2A62E21A003B5D59 /* ViewController.swift */ = {isa = PBXFileReference; lastKnownFileType = sourcecode.swift; path = ViewController.swift; sourceTree = "<group>"; };
		2852D0AF2A62E21A003B5D59 /* Base */ = {isa = PBXFileReference; lastKnownFileType = file.storyboard; name = Base; path = Base.lproj/Main.storyboard; sourceTree = "<group>"; };
		2852D0B12A62E21B003B5D59 /* Assets.xcassets */ = {isa = PBXFileReference; lastKnownFileType = folder.assetcatalog; path = Assets.xcassets; sourceTree = "<group>"; };
		2852D0B42A62E21B003B5D59 /* Base */ = {isa = PBXFileReference; lastKnownFileType = file.storyboard; name = Base; path = Base.lproj/LaunchScreen.storyboard; sourceTree = "<group>"; };
		2852D0B62A62E21B003B5D59 /* Info.plist */ = {isa = PBXFileReference; lastKnownFileType = text.plist.xml; path = Info.plist; sourceTree = "<group>"; };
		2852D0BE2A62FC8A003B5D59 /* Note.swift */ = {isa = PBXFileReference; lastKnownFileType = sourcecode.swift; path = Note.swift; sourceTree = "<group>"; };
		2852D0C12A631A8F003B5D59 /* Writabla.swift */ = {isa = PBXFileReference; lastKnownFileType = sourcecode.swift; path = Writabla.swift; sourceTree = "<group>"; };
		2852D0C32A631ACE003B5D59 /* DataSource.swift */ = {isa = PBXFileReference; lastKnownFileType = sourcecode.swift; path = DataSource.swift; sourceTree = "<group>"; };
		2852D0C52A631B14003B5D59 /* NoteDataSource.swift */ = {isa = PBXFileReference; lastKnownFileType = sourcecode.swift; path = NoteDataSource.swift; sourceTree = "<group>"; };
		2852D0C72A64455D003B5D59 /* NoteViewController.swift */ = {isa = PBXFileReference; lastKnownFileType = sourcecode.swift; path = NoteViewController.swift; sourceTree = "<group>"; };
		2852D0C92A64457A003B5D59 /* EntryViewController.swift */ = {isa = PBXFileReference; lastKnownFileType = sourcecode.swift; path = EntryViewController.swift; sourceTree = "<group>"; };
/* End PBXFileReference section */

/* Begin PBXFrameworksBuildPhase section */
		2852D0A22A62E21A003B5D59 /* Frameworks */ = {
			isa = PBXFrameworksBuildPhase;
			buildActionMask = 2147483647;
			files = (
			);
			runOnlyForDeploymentPostprocessing = 0;
		};
/* End PBXFrameworksBuildPhase section */

/* Begin PBXGroup section */
		2839DC502A7CE9950074B5BA /* Scenes */ = {
			isa = PBXGroup;
			children = (
				2852D0AE2A62E21A003B5D59 /* Main.storyboard */,
				2839DC532A7CE9E40074B5BA /* NoteDetails */,
				2839DC522A7CE9BF0074B5BA /* NewNote */,
				2839DC512A7CE9B60074B5BA /* Home */,
			);
			path = Scenes;
			sourceTree = "<group>";
		};
		2839DC512A7CE9B60074B5BA /* Home */ = {
			isa = PBXGroup;
			children = (
				2852D0AC2A62E21A003B5D59 /* ViewController.swift */,
			);
			path = Home;
			sourceTree = "<group>";
		};
		2839DC522A7CE9BF0074B5BA /* NewNote */ = {
			isa = PBXGroup;
			children = (
				2852D0C92A64457A003B5D59 /* EntryViewController.swift */,
			);
			path = NewNote;
			sourceTree = "<group>";
		};
		2839DC532A7CE9E40074B5BA /* NoteDetails */ = {
			isa = PBXGroup;
			children = (
				2852D0C72A64455D003B5D59 /* NoteViewController.swift */,
			);
			path = NoteDetails;
			sourceTree = "<group>";
		};
		2852D09C2A62E21A003B5D59 = {
			isa = PBXGroup;
			children = (
				2852D0A72A62E21A003B5D59 /* notesAppv3 */,
				2852D0A62A62E21A003B5D59 /* Products */,
			);
			sourceTree = "<group>";
		};
		2852D0A62A62E21A003B5D59 /* Products */ = {
			isa = PBXGroup;
			children = (
				2852D0A52A62E21A003B5D59 /* notesAppv3.app */,
			);
			name = Products;
			sourceTree = "<group>";
		};
		2852D0A72A62E21A003B5D59 /* notesAppv3 */ = {
			isa = PBXGroup;
			children = (
				2839DC502A7CE9950074B5BA /* Scenes */,
				2852D0C02A631950003B5D59 /* Model */,
				2852D0A82A62E21A003B5D59 /* AppDelegate.swift */,
				2852D0AA2A62E21A003B5D59 /* SceneDelegate.swift */,
				2852D0B12A62E21B003B5D59 /* Assets.xcassets */,
				2852D0B32A62E21B003B5D59 /* LaunchScreen.storyboard */,
				2852D0B62A62E21B003B5D59 /* Info.plist */,
			);
			path = notesAppv3;
			sourceTree = "<group>";
		};
		2852D0C02A631950003B5D59 /* Model */ = {
			isa = PBXGroup;
			children = (
				2852D0BE2A62FC8A003B5D59 /* Note.swift */,
				2852D0C12A631A8F003B5D59 /* Writabla.swift */,
				2852D0C32A631ACE003B5D59 /* DataSource.swift */,
				2852D0C52A631B14003B5D59 /* NoteDataSource.swift */,
			);
			path = Model;
			sourceTree = "<group>";
		};
/* End PBXGroup section */

/* Begin PBXNativeTarget section */
		2852D0A42A62E21A003B5D59 /* notesAppv3 */ = {
			isa = PBXNativeTarget;
			buildConfigurationList = 2852D0B92A62E21B003B5D59 /* Build configuration list for PBXNativeTarget "notesAppv3" */;
			buildPhases = (
				2A332D39A3EB6C03C2980279 /* [CP] Check Pods Manifest.lock */,
				2852D0A12A62E21A003B5D59 /* Sources */,
				2852D0A22A62E21A003B5D59 /* Frameworks */,
				2852D0A32A62E21A003B5D59 /* Resources */,
				ED2360EE0EC219521A4747BF /* [CP] Embed Pods Frameworks */,
			);
			buildRules = (
			);
			dependencies = (
			);
			name = notesAppv3;
			productName = notesAppv3;
			productReference = 2852D0A52A62E21A003B5D59 /* notesAppv3.app */;
			productType = "com.apple.product-type.application";
		};
/* End PBXNativeTarget section */

/* Begin PBXProject section */
		2852D09D2A62E21A003B5D59 /* Project object */ = {
			isa = PBXProject;
			attributes = {
				BuildIndependentTargetsInParallel = 1;
				LastSwiftUpdateCheck = 1430;
				LastUpgradeCheck = 1430;
				TargetAttributes = {
					2852D0A42A62E21A003B5D59 = {
						CreatedOnToolsVersion = 14.3.1;
					};
				};
			};
			buildConfigurationList = 2852D0A02A62E21A003B5D59 /* Build configuration list for PBXProject "notesAppv3" */;
			compatibilityVersion = "Xcode 14.0";
			developmentRegion = en;
			hasScannedForEncodings = 0;
			knownRegions = (
				en,
				Base,
			);
			mainGroup = 2852D09C2A62E21A003B5D59;
			packageReferences = (
				2839DC542A7CEE720074B5BA /* XCRemoteSwiftPackageReference "realm-swift" */,
			);
			productRefGroup = 2852D0A62A62E21A003B5D59 /* Products */;
			projectDirPath = "";
			projectRoot = "";
			targets = (
				2852D0A42A62E21A003B5D59 /* notesAppv3 */,
			);
		};
/* End PBXProject section */

/* Begin PBXResourcesBuildPhase section */
		2852D0A32A62E21A003B5D59 /* Resources */ = {
			isa = PBXResourcesBuildPhase;
			buildActionMask = 2147483647;
			files = (
				2852D0B52A62E21B003B5D59 /* LaunchScreen.storyboard in Resources */,
				2852D0B22A62E21B003B5D59 /* Assets.xcassets in Resources */,
				2852D0B02A62E21A003B5D59 /* Main.storyboard in Resources */,
			);
			runOnlyForDeploymentPostprocessing = 0;
		};
/* End PBXResourcesBuildPhase section */

/* Begin PBXShellScriptBuildPhase section */
		2A332D39A3EB6C03C2980279 /* [CP] Check Pods Manifest.lock */ = {
			isa = PBXShellScriptBuildPhase;
			buildActionMask = 2147483647;
			files = (
			);
			inputFileListPaths = (
			);
			inputPaths = (
				"${PODS_PODFILE_DIR_PATH}/Podfile.lock",
				"${PODS_ROOT}/Manifest.lock",
			);
			name = "[CP] Check Pods Manifest.lock";
			outputFileListPaths = (
			);
			outputPaths = (
				"$(DERIVED_FILE_DIR)/Pods-notesAppv3-checkManifestLockResult.txt",
			);
			runOnlyForDeploymentPostprocessing = 0;
			shellPath = /bin/sh;
			shellScript = "diff \"${PODS_PODFILE_DIR_PATH}/Podfile.lock\" \"${PODS_ROOT}/Manifest.lock\" > /dev/null\nif [ $? != 0 ] ; then\n    # print error to STDERR\n    echo \"error: The sandbox is not in sync with the Podfile.lock. Run 'pod install' or update your CocoaPods installation.\" >&2\n    exit 1\nfi\n# This output is used by Xcode 'outputs' to avoid re-running this script phase.\necho \"SUCCESS\" > \"${SCRIPT_OUTPUT_FILE_0}\"\n";
			showEnvVarsInLog = 0;
		};
		ED2360EE0EC219521A4747BF /* [CP] Embed Pods Frameworks */ = {
			isa = PBXShellScriptBuildPhase;
			buildActionMask = 2147483647;
			files = (
			);
			inputFileListPaths = (
				"${PODS_ROOT}/Target Support Files/Pods-notesAppv3/Pods-notesAppv3-frameworks-${CONFIGURATION}-input-files.xcfilelist",
			);
			name = "[CP] Embed Pods Frameworks";
			outputFileListPaths = (
				"${PODS_ROOT}/Target Support Files/Pods-notesAppv3/Pods-notesAppv3-frameworks-${CONFIGURATION}-output-files.xcfilelist",
			);
			runOnlyForDeploymentPostprocessing = 0;
			shellPath = /bin/sh;
			shellScript = "\"${PODS_ROOT}/Target Support Files/Pods-notesAppv3/Pods-notesAppv3-frameworks.sh\"\n";
			showEnvVarsInLog = 0;
		};
/* End PBXShellScriptBuildPhase section */

/* Begin PBXSourcesBuildPhase section */
		2852D0A12A62E21A003B5D59 /* Sources */ = {
			isa = PBXSourcesBuildPhase;
			buildActionMask = 2147483647;
			files = (
				2852D0C82A64455E003B5D59 /* NoteViewController.swift in Sources */,
				2852D0C42A631ACE003B5D59 /* DataSource.swift in Sources */,
				2852D0BF2A62FC8A003B5D59 /* Note.swift in Sources */,
				2852D0AD2A62E21A003B5D59 /* ViewController.swift in Sources */,
				2852D0A92A62E21A003B5D59 /* AppDelegate.swift in Sources */,
				2852D0CA2A64457A003B5D59 /* EntryViewController.swift in Sources */,
				2852D0C62A631B14003B5D59 /* NoteDataSource.swift in Sources */,
				2852D0C22A631A8F003B5D59 /* Writabla.swift in Sources */,
				2852D0AB2A62E21A003B5D59 /* SceneDelegate.swift in Sources */,
			);
			runOnlyForDeploymentPostprocessing = 0;
		};
/* End PBXSourcesBuildPhase section */

/* Begin PBXVariantGroup section */
		2852D0AE2A62E21A003B5D59 /* Main.storyboard */ = {
			isa = PBXVariantGroup;
			children = (
				2852D0AF2A62E21A003B5D59 /* Base */,
			);
			name = Main.storyboard;
			sourceTree = "<group>";
		};
		2852D0B32A62E21B003B5D59 /* LaunchScreen.storyboard */ = {
			isa = PBXVariantGroup;
			children = (
				2852D0B42A62E21B003B5D59 /* Base */,
			);
			name = LaunchScreen.storyboard;
			sourceTree = "<group>";
		};
/* End PBXVariantGroup section */

/* Begin XCBuildConfiguration section */
		2852D0B72A62E21B003B5D59 /* Debug */ = {
			isa = XCBuildConfiguration;
			buildSettings = {
				ALWAYS_SEARCH_USER_PATHS = NO;
				CLANG_ANALYZER_NONNULL = YES;
				CLANG_ANALYZER_NUMBER_OBJECT_CONVERSION = YES_AGGRESSIVE;
				CLANG_CXX_LANGUAGE_STANDARD = "gnu++20";
				CLANG_ENABLE_MODULES = YES;
				CLANG_ENABLE_OBJC_ARC = YES;
				CLANG_ENABLE_OBJC_WEAK = YES;
				CLANG_WARN_BLOCK_CAPTURE_AUTORELEASING = YES;
				CLANG_WARN_BOOL_CONVERSION = YES;
				CLANG_WARN_COMMA = YES;
				CLANG_WARN_CONSTANT_CONVERSION = YES;
				CLANG_WARN_DEPRECATED_OBJC_IMPLEMENTATIONS = YES;
				CLANG_WARN_DIRECT_OBJC_ISA_USAGE = YES_ERROR;
				CLANG_WARN_DOCUMENTATION_COMMENTS = YES;
				CLANG_WARN_EMPTY_BODY = YES;
				CLANG_WARN_ENUM_CONVERSION = YES;
				CLANG_WARN_INFINITE_RECURSION = YES;
				CLANG_WARN_INT_CONVERSION = YES;
				CLANG_WARN_NON_LITERAL_NULL_CONVERSION = YES;
				CLANG_WARN_OBJC_IMPLICIT_RETAIN_SELF = YES;
				CLANG_WARN_OBJC_LITERAL_CONVERSION = YES;
				CLANG_WARN_OBJC_ROOT_CLASS = YES_ERROR;
				CLANG_WARN_QUOTED_INCLUDE_IN_FRAMEWORK_HEADER = YES;
				CLANG_WARN_RANGE_LOOP_ANALYSIS = YES;
				CLANG_WARN_STRICT_PROTOTYPES = YES;
				CLANG_WARN_SUSPICIOUS_MOVE = YES;
				CLANG_WARN_UNGUARDED_AVAILABILITY = YES_AGGRESSIVE;
				CLANG_WARN_UNREACHABLE_CODE = YES;
				CLANG_WARN__DUPLICATE_METHOD_MATCH = YES;
				COPY_PHASE_STRIP = NO;
				DEBUG_INFORMATION_FORMAT = dwarf;
				ENABLE_STRICT_OBJC_MSGSEND = YES;
				ENABLE_TESTABILITY = YES;
				GCC_C_LANGUAGE_STANDARD = gnu11;
				GCC_DYNAMIC_NO_PIC = NO;
				GCC_NO_COMMON_BLOCKS = YES;
				GCC_OPTIMIZATION_LEVEL = 0;
				GCC_PREPROCESSOR_DEFINITIONS = (
					"DEBUG=1",
					"$(inherited)",
				);
				GCC_WARN_64_TO_32_BIT_CONVERSION = YES;
				GCC_WARN_ABOUT_RETURN_TYPE = YES_ERROR;
				GCC_WARN_UNDECLARED_SELECTOR = YES;
				GCC_WARN_UNINITIALIZED_AUTOS = YES_AGGRESSIVE;
				GCC_WARN_UNUSED_FUNCTION = YES;
				GCC_WARN_UNUSED_VARIABLE = YES;
				IPHONEOS_DEPLOYMENT_TARGET = 16.4;
				MTL_ENABLE_DEBUG_INFO = INCLUDE_SOURCE;
				MTL_FAST_MATH = YES;
				ONLY_ACTIVE_ARCH = YES;
				SDKROOT = iphoneos;
				SWIFT_ACTIVE_COMPILATION_CONDITIONS = DEBUG;
				SWIFT_OPTIMIZATION_LEVEL = "-Onone";
			};
			name = Debug;
		};
		2852D0B82A62E21B003B5D59 /* Release */ = {
			isa = XCBuildConfiguration;
			buildSettings = {
				ALWAYS_SEARCH_USER_PATHS = NO;
				CLANG_ANALYZER_NONNULL = YES;
				CLANG_ANALYZER_NUMBER_OBJECT_CONVERSION = YES_AGGRESSIVE;
				CLANG_CXX_LANGUAGE_STANDARD = "gnu++20";
				CLANG_ENABLE_MODULES = YES;
				CLANG_ENABLE_OBJC_ARC = YES;
				CLANG_ENABLE_OBJC_WEAK = YES;
				CLANG_WARN_BLOCK_CAPTURE_AUTORELEASING = YES;
				CLANG_WARN_BOOL_CONVERSION = YES;
				CLANG_WARN_COMMA = YES;
				CLANG_WARN_CONSTANT_CONVERSION = YES;
				CLANG_WARN_DEPRECATED_OBJC_IMPLEMENTATIONS = YES;
				CLANG_WARN_DIRECT_OBJC_ISA_USAGE = YES_ERROR;
				CLANG_WARN_DOCUMENTATION_COMMENTS = YES;
				CLANG_WARN_EMPTY_BODY = YES;
				CLANG_WARN_ENUM_CONVERSION = YES;
				CLANG_WARN_INFINITE_RECURSION = YES;
				CLANG_WARN_INT_CONVERSION = YES;
				CLANG_WARN_NON_LITERAL_NULL_CONVERSION = YES;
				CLANG_WARN_OBJC_IMPLICIT_RETAIN_SELF = YES;
				CLANG_WARN_OBJC_LITERAL_CONVERSION = YES;
				CLANG_WARN_OBJC_ROOT_CLASS = YES_ERROR;
				CLANG_WARN_QUOTED_INCLUDE_IN_FRAMEWORK_HEADER = YES;
				CLANG_WARN_RANGE_LOOP_ANALYSIS = YES;
				CLANG_WARN_STRICT_PROTOTYPES = YES;
				CLANG_WARN_SUSPICIOUS_MOVE = YES;
				CLANG_WARN_UNGUARDED_AVAILABILITY = YES_AGGRESSIVE;
				CLANG_WARN_UNREACHABLE_CODE = YES;
				CLANG_WARN__DUPLICATE_METHOD_MATCH = YES;
				COPY_PHASE_STRIP = NO;
				DEBUG_INFORMATION_FORMAT = "dwarf-with-dsym";
				ENABLE_NS_ASSERTIONS = NO;
				ENABLE_STRICT_OBJC_MSGSEND = YES;
				GCC_C_LANGUAGE_STANDARD = gnu11;
				GCC_NO_COMMON_BLOCKS = YES;
				GCC_WARN_64_TO_32_BIT_CONVERSION = YES;
				GCC_WARN_ABOUT_RETURN_TYPE = YES_ERROR;
				GCC_WARN_UNDECLARED_SELECTOR = YES;
				GCC_WARN_UNINITIALIZED_AUTOS = YES_AGGRESSIVE;
				GCC_WARN_UNUSED_FUNCTION = YES;
				GCC_WARN_UNUSED_VARIABLE = YES;
				IPHONEOS_DEPLOYMENT_TARGET = 16.4;
				MTL_ENABLE_DEBUG_INFO = NO;
				MTL_FAST_MATH = YES;
				SDKROOT = iphoneos;
				SWIFT_COMPILATION_MODE = wholemodule;
				SWIFT_OPTIMIZATION_LEVEL = "-O";
				VALIDATE_PRODUCT = YES;
			};
			name = Release;
		};
		2852D0BA2A62E21B003B5D59 /* Debug */ = {
			isa = XCBuildConfiguration;
			buildSettings = {
				ASSETCATALOG_COMPILER_APPICON_NAME = AppIcon;
				ASSETCATALOG_COMPILER_GLOBAL_ACCENT_COLOR_NAME = AccentColor;
				CODE_SIGN_STYLE = Automatic;
				CURRENT_PROJECT_VERSION = 1;
				GENERATE_INFOPLIST_FILE = YES;
				INFOPLIST_FILE = notesAppv3/Info.plist;
				INFOPLIST_KEY_UIApplicationSupportsIndirectInputEvents = YES;
				INFOPLIST_KEY_UILaunchStoryboardName = LaunchScreen;
				INFOPLIST_KEY_UIMainStoryboardFile = Main;
				INFOPLIST_KEY_UISupportedInterfaceOrientations_iPad = "UIInterfaceOrientationPortrait UIInterfaceOrientationPortraitUpsideDown UIInterfaceOrientationLandscapeLeft UIInterfaceOrientationLandscapeRight";
				INFOPLIST_KEY_UISupportedInterfaceOrientations_iPhone = "UIInterfaceOrientationPortrait UIInterfaceOrientationLandscapeLeft UIInterfaceOrientationLandscapeRight";
				LD_RUNPATH_SEARCH_PATHS = (
					"$(inherited)",
					"@executable_path/Frameworks",
				);
				MARKETING_VERSION = 1.0;
				PRODUCT_BUNDLE_IDENTIFIER = com.hubi.notesAppv3;
				PRODUCT_NAME = "$(TARGET_NAME)";
				SWIFT_EMIT_LOC_STRINGS = YES;
				SWIFT_VERSION = 5.0;
				TARGETED_DEVICE_FAMILY = "1,2";
			};
			name = Debug;
		};
		2852D0BB2A62E21B003B5D59 /* Release */ = {
			isa = XCBuildConfiguration;
			buildSettings = {
				ASSETCATALOG_COMPILER_APPICON_NAME = AppIcon;
				ASSETCATALOG_COMPILER_GLOBAL_ACCENT_COLOR_NAME = AccentColor;
				CODE_SIGN_STYLE = Automatic;
				CURRENT_PROJECT_VERSION = 1;
				GENERATE_INFOPLIST_FILE = YES;
				INFOPLIST_FILE = notesAppv3/Info.plist;
				INFOPLIST_KEY_UIApplicationSupportsIndirectInputEvents = YES;
				INFOPLIST_KEY_UILaunchStoryboardName = LaunchScreen;
				INFOPLIST_KEY_UIMainStoryboardFile = Main;
				INFOPLIST_KEY_UISupportedInterfaceOrientations_iPad = "UIInterfaceOrientationPortrait UIInterfaceOrientationPortraitUpsideDown UIInterfaceOrientationLandscapeLeft UIInterfaceOrientationLandscapeRight";
				INFOPLIST_KEY_UISupportedInterfaceOrientations_iPhone = "UIInterfaceOrientationPortrait UIInterfaceOrientationLandscapeLeft UIInterfaceOrientationLandscapeRight";
				LD_RUNPATH_SEARCH_PATHS = (
					"$(inherited)",
					"@executable_path/Frameworks",
				);
				MARKETING_VERSION = 1.0;
				PRODUCT_BUNDLE_IDENTIFIER = com.hubi.notesAppv3;
				PRODUCT_NAME = "$(TARGET_NAME)";
				SWIFT_EMIT_LOC_STRINGS = YES;
				SWIFT_VERSION = 5.0;
				TARGETED_DEVICE_FAMILY = "1,2";
			};
			name = Release;
		};
/* End XCBuildConfiguration section */

/* Begin XCConfigurationList section */
		2852D0A02A62E21A003B5D59 /* Build configuration list for PBXProject "notesAppv3" */ = {
			isa = XCConfigurationList;
			buildConfigurations = (
				2852D0B72A62E21B003B5D59 /* Debug */,
				2852D0B82A62E21B003B5D59 /* Release */,
			);
			defaultConfigurationIsVisible = 0;
			defaultConfigurationName = Release;
		};
		2852D0B92A62E21B003B5D59 /* Build configuration list for PBXNativeTarget "notesAppv3" */ = {
			isa = XCConfigurationList;
			buildConfigurations = (
				2852D0BA2A62E21B003B5D59 /* Debug */,
				2852D0BB2A62E21B003B5D59 /* Release */,
			);
			defaultConfigurationIsVisible = 0;
			defaultConfigurationName = Release;
		};
/* End XCConfigurationList section */

/* Begin XCRemoteSwiftPackageReference section */
		2839DC542A7CEE720074B5BA /* XCRemoteSwiftPackageReference "realm-swift" */ = {
			isa = XCRemoteSwiftPackageReference;
			repositoryURL = "https://github.com/realm/realm-swift.git";
			requirement = {
				branch = master;
				kind = branch;
			};
		};
/* End XCRemoteSwiftPackageReference section */
	};
	rootObject = 2852D09D2A62E21A003B5D59 /* Project object */;
}
